
Microsoft Visual Studio Solution File, Format Version 12.00
# Visual Studio Version 17
VisualStudioVersion = 17.5.002.0
MinimumVisualStudioVersion = 10.0.40219.1
Project("{2150E333-8FDC-42A3-9474-1A3956D46DE8}") = "src", "src", "{BFAE5B7E-A626-44F4-B9BC-D80FDBCB4175}"
EndProject
Project("{2150E333-8FDC-42A3-9474-1A3956D46DE8}") = "CS", "CS", "{9540B664-41A0-4CF0-9A19-7BA960D015FF}"
EndProject
Project("{9A19103F-16F7-4668-BE54-9A1E7A4F7556}") = "Tpp.Algo", "src\CS\Tpp.Algo\Tpp.Algo.csproj", "{9A2B8AD2-24D2-4020-9752-5F6212434935}"
EndProject
Global
	GlobalSection(SolutionConfigurationPlatforms) = preSolution
		Debug|Any CPU = Debug|Any CPU
		Release|Any CPU = Release|Any CPU
	EndGlobalSection
	GlobalSection(ProjectConfigurationPlatforms) = postSolution
		{9A2B8AD2-24D2-4020-9752-5F6212434935}.Debug|Any CPU.ActiveCfg = Debug|Any CPU
		{9A2B8AD2-24D2-4020-9752-5F6212434935}.Debug|Any CPU.Build.0 = Debug|Any CPU
		{9A2B8AD2-24D2-4020-9752-5F6212434935}.Release|Any CPU.ActiveCfg = Release|Any CPU
		{9A2B8AD2-24D2-4020-9752-5F6212434935}.Release|Any CPU.Build.0 = Release|Any CPU
	EndGlobalSection
	GlobalSection(SolutionProperties) = preSolution
		HideSolutionNode = FALSE
	EndGlobalSection
	GlobalSection(NestedProjects) = preSolution
		{9540B664-41A0-4CF0-9A19-7BA960D015FF} = {BFAE5B7E-A626-44F4-B9BC-D80FDBCB4175}
		{9A2B8AD2-24D2-4020-9752-5F6212434935} = {9540B664-41A0-4CF0-9A19-7BA960D015FF}
	EndGlobalSection
	GlobalSection(ExtensibilityGlobals) = postSolution
		SolutionGuid = {8669E7FA-9901-4C40-BDB2-8D47203BACBB}
	EndGlobalSection
EndGlobal
