{
  "name": "palindromechecker",
  "version": "1.0.0",
  "lockfileVersion": 3,
  "requires": true,
  "packages": {
    "": {
      "name": "palindromechecker",
      "version": "1.0.0",
      "license": "ISC",
      "dependencies": {
        "palindromechecker": "file:",
        "ts": "file:"
      }
    },
    "node_modules/palindromechecker": {
      "resolved": "",
      "link": true
    },
    "node_modules/ts": {
      "resolved": "",
      "link": true
    }
  }
}
